// !$*UTF8*$!
{
	archiveVersion = 1;
	classes = {
	};
	objectVersion = 50;
	objects = {

/* Begin PBXBuildFile section */
		34264DD720BE450D00C43B02 /* AppDelegate.swift in Sources */ = {isa = PBXBuildFile; fileRef = 34264DD620BE450D00C43B02 /* AppDelegate.swift */; };
		34264DD920BE450D00C43B02 /* ViewController.swift in Sources */ = {isa = PBXBuildFile; fileRef = 34264DD820BE450D00C43B02 /* ViewController.swift */; };
		34264DDC20BE450D00C43B02 /* Main.storyboard in Resources */ = {isa = PBXBuildFile; fileRef = 34264DDA20BE450D00C43B02 /* Main.storyboard */; };
		34264DDE20BE450E00C43B02 /* Assets.xcassets in Resources */ = {isa = PBXBuildFile; fileRef = 34264DDD20BE450E00C43B02 /* Assets.xcassets */; };
		34264DE120BE450E00C43B02 /* LaunchScreen.storyboard in Resources */ = {isa = PBXBuildFile; fileRef = 34264DDF20BE450E00C43B02 /* LaunchScreen.storyboard */; };
		34264DEC20BE450F00C43B02 /* dailyiOSTests.swift in Sources */ = {isa = PBXBuildFile; fileRef = 34264DEB20BE450F00C43B02 /* dailyiOSTests.swift */; };
		34264DF720BE450F00C43B02 /* dailyiOSUITests.swift in Sources */ = {isa = PBXBuildFile; fileRef = 34264DF620BE450F00C43B02 /* dailyiOSUITests.swift */; };
		34264E0620BE455900C43B02 /* Notification.swift in Sources */ = {isa = PBXBuildFile; fileRef = 34264E0420BE455900C43B02 /* Notification.swift */; };
		34264E0720BE455900C43B02 /* Draw.swift in Sources */ = {isa = PBXBuildFile; fileRef = 34264E0520BE455900C43B02 /* Draw.swift */; };
		34264E0920BFCA8E00C43B02 /* MethodSwizzle.swift in Sources */ = {isa = PBXBuildFile; fileRef = 34264E0820BFCA8E00C43B02 /* MethodSwizzle.swift */; };
/* End PBXBuildFile section */

/* Begin PBXContainerItemProxy section */
		34264DE820BE450F00C43B02 /* PBXContainerItemProxy */ = {
			isa = PBXContainerItemProxy;
			containerPortal = 34264DCB20BE450D00C43B02 /* Project object */;
			proxyType = 1;
			remoteGlobalIDString = 34264DD220BE450D00C43B02;
			remoteInfo = dailyiOS;
		};
		34264DF320BE450F00C43B02 /* PBXContainerItemProxy */ = {
			isa = PBXContainerItemProxy;
			containerPortal = 34264DCB20BE450D00C43B02 /* Project object */;
			proxyType = 1;
			remoteGlobalIDString = 34264DD220BE450D00C43B02;
			remoteInfo = dailyiOS;
		};
/* End PBXContainerItemProxy section */

/* Begin PBXFileReference section */
		34264DD320BE450D00C43B02 /* dailyiOS.app */ = {isa = PBXFileReference; explicitFileType = wrapper.application; includeInIndex = 0; path = dailyiOS.app; sourceTree = BUILT_PRODUCTS_DIR; };
		34264DD620BE450D00C43B02 /* AppDelegate.swift */ = {isa = PBXFileReference; lastKnownFileType = sourcecode.swift; path = AppDelegate.swift; sourceTree = "<group>"; };
		34264DD820BE450D00C43B02 /* ViewController.swift */ = {isa = PBXFileReference; lastKnownFileType = sourcecode.swift; path = ViewController.swift; sourceTree = "<group>"; };
		34264DDB20BE450D00C43B02 /* Base */ = {isa = PBXFileReference; lastKnownFileType = file.storyboard; name = Base; path = Base.lproj/Main.storyboard; sourceTree = "<group>"; };
		34264DDD20BE450E00C43B02 /* Assets.xcassets */ = {isa = PBXFileReference; lastKnownFileType = folder.assetcatalog; path = Assets.xcassets; sourceTree = "<group>"; };
		34264DE020BE450E00C43B02 /* Base */ = {isa = PBXFileReference; lastKnownFileType = file.storyboard; name = Base; path = Base.lproj/LaunchScreen.storyboard; sourceTree = "<group>"; };
		34264DE220BE450E00C43B02 /* Info.plist */ = {isa = PBXFileReference; lastKnownFileType = text.plist.xml; path = Info.plist; sourceTree = "<group>"; };
		34264DE720BE450F00C43B02 /* dailyiOSTests.xctest */ = {isa = PBXFileReference; explicitFileType = wrapper.cfbundle; includeInIndex = 0; path = dailyiOSTests.xctest; sourceTree = BUILT_PRODUCTS_DIR; };
		34264DEB20BE450F00C43B02 /* dailyiOSTests.swift */ = {isa = PBXFileReference; lastKnownFileType = sourcecode.swift; path = dailyiOSTests.swift; sourceTree = "<group>"; };
		34264DED20BE450F00C43B02 /* Info.plist */ = {isa = PBXFileReference; lastKnownFileType = text.plist.xml; path = Info.plist; sourceTree = "<group>"; };
		34264DF220BE450F00C43B02 /* dailyiOSUITests.xctest */ = {isa = PBXFileReference; explicitFileType = wrapper.cfbundle; includeInIndex = 0; path = dailyiOSUITests.xctest; sourceTree = BUILT_PRODUCTS_DIR; };
		34264DF620BE450F00C43B02 /* dailyiOSUITests.swift */ = {isa = PBXFileReference; lastKnownFileType = sourcecode.swift; path = dailyiOSUITests.swift; sourceTree = "<group>"; };
		34264DF820BE450F00C43B02 /* Info.plist */ = {isa = PBXFileReference; lastKnownFileType = text.plist.xml; path = Info.plist; sourceTree = "<group>"; };
		34264E0420BE455900C43B02 /* Notification.swift */ = {isa = PBXFileReference; fileEncoding = 4; lastKnownFileType = sourcecode.swift; path = Notification.swift; sourceTree = "<group>"; };
		34264E0520BE455900C43B02 /* Draw.swift */ = {isa = PBXFileReference; fileEncoding = 4; lastKnownFileType = sourcecode.swift; path = Draw.swift; sourceTree = "<group>"; };
		34264E0820BFCA8E00C43B02 /* MethodSwizzle.swift */ = {isa = PBXFileReference; lastKnownFileType = sourcecode.swift; path = MethodSwizzle.swift; sourceTree = "<group>"; };
/* End PBXFileReference section */

/* Begin PBXFrameworksBuildPhase section */
		34264DD020BE450D00C43B02 /* Frameworks */ = {
			isa = PBXFrameworksBuildPhase;
			buildActionMask = 2147483647;
			files = (
			);
			runOnlyForDeploymentPostprocessing = 0;
		};
		34264DE420BE450F00C43B02 /* Frameworks */ = {
			isa = PBXFrameworksBuildPhase;
			buildActionMask = 2147483647;
			files = (
			);
			runOnlyForDeploymentPostprocessing = 0;
		};
		34264DEF20BE450F00C43B02 /* Frameworks */ = {
			isa = PBXFrameworksBuildPhase;
			buildActionMask = 2147483647;
			files = (
			);
			runOnlyForDeploymentPostprocessing = 0;
		};
/* End PBXFrameworksBuildPhase section */

/* Begin PBXGroup section */
		34264DCA20BE450D00C43B02 = {
			isa = PBXGroup;
			children = (
				34264DD520BE450D00C43B02 /* dailyiOS */,
				34264DEA20BE450F00C43B02 /* dailyiOSTests */,
				34264DF520BE450F00C43B02 /* dailyiOSUITests */,
				34264DD420BE450D00C43B02 /* Products */,
			);
			sourceTree = "<group>";
		};
		34264DD420BE450D00C43B02 /* Products */ = {
			isa = PBXGroup;
			children = (
				34264DD320BE450D00C43B02 /* dailyiOS.app */,
				34264DE720BE450F00C43B02 /* dailyiOSTests.xctest */,
				34264DF220BE450F00C43B02 /* dailyiOSUITests.xctest */,
			);
			name = Products;
			sourceTree = "<group>";
		};
		34264DD520BE450D00C43B02 /* dailyiOS */ = {
			isa = PBXGroup;
			children = (
				34264DD620BE450D00C43B02 /* AppDelegate.swift */,
				34264DD820BE450D00C43B02 /* ViewController.swift */,
				34264E0520BE455900C43B02 /* Draw.swift */,
				34264E0420BE455900C43B02 /* Notification.swift */,
				34264E0820BFCA8E00C43B02 /* MethodSwizzle.swift */,
				34264DDA20BE450D00C43B02 /* Main.storyboard */,
				34264DDD20BE450E00C43B02 /* Assets.xcassets */,
				34264DDF20BE450E00C43B02 /* LaunchScreen.storyboard */,
				34264DE220BE450E00C43B02 /* Info.plist */,
			);
			path = dailyiOS;
			sourceTree = "<group>";
		};
		34264DEA20BE450F00C43B02 /* dailyiOSTests */ = {
			isa = PBXGroup;
			children = (
				34264DEB20BE450F00C43B02 /* dailyiOSTests.swift */,
				34264DED20BE450F00C43B02 /* Info.plist */,
			);
			path = dailyiOSTests;
			sourceTree = "<group>";
		};
		34264DF520BE450F00C43B02 /* dailyiOSUITests */ = {
			isa = PBXGroup;
			children = (
				34264DF620BE450F00C43B02 /* dailyiOSUITests.swift */,
				34264DF820BE450F00C43B02 /* Info.plist */,
			);
			path = dailyiOSUITests;
			sourceTree = "<group>";
		};
/* End PBXGroup section */

/* Begin PBXNativeTarget section */
		34264DD220BE450D00C43B02 /* dailyiOS */ = {
			isa = PBXNativeTarget;
			buildConfigurationList = 34264DFB20BE450F00C43B02 /* Build configuration list for PBXNativeTarget "dailyiOS" */;
			buildPhases = (
				34264DCF20BE450D00C43B02 /* Sources */,
				34264DD020BE450D00C43B02 /* Frameworks */,
				34264DD120BE450D00C43B02 /* Resources */,
			);
			buildRules = (
			);
			dependencies = (
			);
			name = dailyiOS;
			productName = dailyiOS;
			productReference = 34264DD320BE450D00C43B02 /* dailyiOS.app */;
			productType = "com.apple.product-type.application";
		};
		34264DE620BE450F00C43B02 /* dailyiOSTests */ = {
			isa = PBXNativeTarget;
			buildConfigurationList = 34264DFE20BE450F00C43B02 /* Build configuration list for PBXNativeTarget "dailyiOSTests" */;
			buildPhases = (
				34264DE320BE450F00C43B02 /* Sources */,
				34264DE420BE450F00C43B02 /* Frameworks */,
				34264DE520BE450F00C43B02 /* Resources */,
			);
			buildRules = (
			);
			dependencies = (
				34264DE920BE450F00C43B02 /* PBXTargetDependency */,
			);
			name = dailyiOSTests;
			productName = dailyiOSTests;
			productReference = 34264DE720BE450F00C43B02 /* dailyiOSTests.xctest */;
			productType = "com.apple.product-type.bundle.unit-test";
		};
		34264DF120BE450F00C43B02 /* dailyiOSUITests */ = {
			isa = PBXNativeTarget;
			buildConfigurationList = 34264E0120BE450F00C43B02 /* Build configuration list for PBXNativeTarget "dailyiOSUITests" */;
			buildPhases = (
				34264DEE20BE450F00C43B02 /* Sources */,
				34264DEF20BE450F00C43B02 /* Frameworks */,
				34264DF020BE450F00C43B02 /* Resources */,
			);
			buildRules = (
			);
			dependencies = (
				34264DF420BE450F00C43B02 /* PBXTargetDependency */,
			);
			name = dailyiOSUITests;
			productName = dailyiOSUITests;
			productReference = 34264DF220BE450F00C43B02 /* dailyiOSUITests.xctest */;
			productType = "com.apple.product-type.bundle.ui-testing";
		};
/* End PBXNativeTarget section */

/* Begin PBXProject section */
		34264DCB20BE450D00C43B02 /* Project object */ = {
			isa = PBXProject;
			attributes = {
				LastSwiftUpdateCheck = 0930;
				LastUpgradeCheck = 0930;
				ORGANIZATIONNAME = terencege;
				TargetAttributes = {
					34264DD220BE450D00C43B02 = {
						CreatedOnToolsVersion = 9.3.1;
					};
					34264DE620BE450F00C43B02 = {
						CreatedOnToolsVersion = 9.3.1;
						TestTargetID = 34264DD220BE450D00C43B02;
					};
					34264DF120BE450F00C43B02 = {
						CreatedOnToolsVersion = 9.3.1;
						TestTargetID = 34264DD220BE450D00C43B02;
					};
				};
			};
			buildConfigurationList = 34264DCE20BE450D00C43B02 /* Build configuration list for PBXProject "dailyiOS" */;
			compatibilityVersion = "Xcode 9.3";
			developmentRegion = en;
			hasScannedForEncodings = 0;
			knownRegions = (
				en,
				Base,
			);
			mainGroup = 34264DCA20BE450D00C43B02;
			productRefGroup = 34264DD420BE450D00C43B02 /* Products */;
			projectDirPath = "";
			projectRoot = "";
			targets = (
				34264DD220BE450D00C43B02 /* dailyiOS */,
				34264DE620BE450F00C43B02 /* dailyiOSTests */,
				34264DF120BE450F00C43B02 /* dailyiOSUITests */,
			);
		};
/* End PBXProject section */

/* Begin PBXResourcesBuildPhase section */
		34264DD120BE450D00C43B02 /* Resources */ = {
			isa = PBXResourcesBuildPhase;
			buildActionMask = 2147483647;
			files = (
				34264DE120BE450E00C43B02 /* LaunchScreen.storyboard in Resources */,
				34264DDE20BE450E00C43B02 /* Assets.xcassets in Resources */,
				34264DDC20BE450D00C43B02 /* Main.storyboard in Resources */,
			);
			runOnlyForDeploymentPostprocessing = 0;
		};
		34264DE520BE450F00C43B02 /* Resources */ = {
			isa = PBXResourcesBuildPhase;
			buildActionMask = 2147483647;
			files = (
			);
			runOnlyForDeploymentPostprocessing = 0;
		};
		34264DF020BE450F00C43B02 /* Resources */ = {
			isa = PBXResourcesBuildPhase;
			buildActionMask = 2147483647;
			files = (
			);
			runOnlyForDeploymentPostprocessing = 0;
		};
/* End PBXResourcesBuildPhase section */

/* Begin PBXSourcesBuildPhase section */
		34264DCF20BE450D00C43B02 /* Sources */ = {
			isa = PBXSourcesBuildPhase;
			buildActionMask = 2147483647;
			files = (
				34264DD920BE450D00C43B02 /* ViewController.swift in Sources */,
				34264DD720BE450D00C43B02 /* AppDelegate.swift in Sources */,
				34264E0920BFCA8E00C43B02 /* MethodSwizzle.swift in Sources */,
				34264E0620BE455900C43B02 /* Notification.swift in Sources */,
				34264E0720BE455900C43B02 /* Draw.swift in Sources */,
			);
			runOnlyForDeploymentPostprocessing = 0;
		};
		34264DE320BE450F00C43B02 /* Sources */ = {
			isa = PBXSourcesBuildPhase;
			buildActionMask = 2147483647;
			files = (
				34264DEC20BE450F00C43B02 /* dailyiOSTests.swift in Sources */,
			);
			runOnlyForDeploymentPostprocessing = 0;
		};
		34264DEE20BE450F00C43B02 /* Sources */ = {
			isa = PBXSourcesBuildPhase;
			buildActionMask = 2147483647;
			files = (
				34264DF720BE450F00C43B02 /* dailyiOSUITests.swift in Sources */,
			);
			runOnlyForDeploymentPostprocessing = 0;
		};
/* End PBXSourcesBuildPhase section */

/* Begin PBXTargetDependency section */
		34264DE920BE450F00C43B02 /* PBXTargetDependency */ = {
			isa = PBXTargetDependency;
			target = 34264DD220BE450D00C43B02 /* dailyiOS */;
			targetProxy = 34264DE820BE450F00C43B02 /* PBXContainerItemProxy */;
		};
		34264DF420BE450F00C43B02 /* PBXTargetDependency */ = {
			isa = PBXTargetDependency;
			target = 34264DD220BE450D00C43B02 /* dailyiOS */;
			targetProxy = 34264DF320BE450F00C43B02 /* PBXContainerItemProxy */;
		};
/* End PBXTargetDependency section */

/* Begin PBXVariantGroup section */
		34264DDA20BE450D00C43B02 /* Main.storyboard */ = {
			isa = PBXVariantGroup;
			children = (
				34264DDB20BE450D00C43B02 /* Base */,
			);
			name = Main.storyboard;
			sourceTree = "<group>";
		};
		34264DDF20BE450E00C43B02 /* LaunchScreen.storyboard */ = {
			isa = PBXVariantGroup;
			children = (
				34264DE020BE450E00C43B02 /* Base */,
			);
			name = LaunchScreen.storyboard;
			sourceTree = "<group>";
		};
/* End PBXVariantGroup section */

/* Begin XCBuildConfiguration section */
		34264DF920BE450F00C43B02 /* Debug */ = {
			isa = XCBuildConfiguration;
			buildSettings = {
				ALWAYS_SEARCH_USER_PATHS = NO;
				CLANG_ANALYZER_NONNULL = YES;
				CLANG_ANALYZER_NUMBER_OBJECT_CONVERSION = YES_AGGRESSIVE;
				CLANG_CXX_LANGUAGE_STANDARD = "gnu++14";
				CLANG_CXX_LIBRARY = "libc++";
				CLANG_ENABLE_MODULES = YES;
				CLANG_ENABLE_OBJC_ARC = YES;
				CLANG_ENABLE_OBJC_WEAK = YES;
				CLANG_WARN_BLOCK_CAPTURE_AUTORELEASING = YES;
				CLANG_WARN_BOOL_CONVERSION = YES;
				CLANG_WARN_COMMA = YES;
				CLANG_WARN_CONSTANT_CONVERSION = YES;
				CLANG_WARN_DEPRECATED_OBJC_IMPLEMENTATIONS = YES;
				CLANG_WARN_DIRECT_OBJC_ISA_USAGE = YES_ERROR;
				CLANG_WARN_DOCUMENTATION_COMMENTS = YES;
				CLANG_WARN_EMPTY_BODY = YES;
				CLANG_WARN_ENUM_CONVERSION = YES;
				CLANG_WARN_INFINITE_RECURSION = YES;
				CLANG_WARN_INT_CONVERSION = YES;
				CLANG_WARN_NON_LITERAL_NULL_CONVERSION = YES;
				CLANG_WARN_OBJC_IMPLICIT_RETAIN_SELF = YES;
				CLANG_WARN_OBJC_LITERAL_CONVERSION = YES;
				CLANG_WARN_OBJC_ROOT_CLASS = YES_ERROR;
				CLANG_WARN_RANGE_LOOP_ANALYSIS = YES;
				CLANG_WARN_STRICT_PROTOTYPES = YES;
				CLANG_WARN_SUSPICIOUS_MOVE = YES;
				CLANG_WARN_UNGUARDED_AVAILABILITY = YES_AGGRESSIVE;
				CLANG_WARN_UNREACHABLE_CODE = YES;
				CLANG_WARN__DUPLICATE_METHOD_MATCH = YES;
				CODE_SIGN_IDENTITY = "iPhone Developer";
				COPY_PHASE_STRIP = NO;
				DEBUG_INFORMATION_FORMAT = dwarf;
				ENABLE_STRICT_OBJC_MSGSEND = YES;
				ENABLE_TESTABILITY = YES;
				GCC_C_LANGUAGE_STANDARD = gnu11;
				GCC_DYNAMIC_NO_PIC = NO;
				GCC_NO_COMMON_BLOCKS = YES;
				GCC_OPTIMIZATION_LEVEL = 0;
				GCC_PREPROCESSOR_DEFINITIONS = (
					"DEBUG=1",
					"$(inherited)",
				);
				GCC_WARN_64_TO_32_BIT_CONVERSION = YES;
				GCC_WARN_ABOUT_RETURN_TYPE = YES_ERROR;
				GCC_WARN_UNDECLARED_SELECTOR = YES;
				GCC_WARN_UNINITIALIZED_AUTOS = YES_AGGRESSIVE;
				GCC_WARN_UNUSED_FUNCTION = YES;
				GCC_WARN_UNUSED_VARIABLE = YES;
				IPHONEOS_DEPLOYMENT_TARGET = 11.3;
				MTL_ENABLE_DEBUG_INFO = YES;
				ONLY_ACTIVE_ARCH = YES;
				SDKROOT = iphoneos;
				SWIFT_ACTIVE_COMPILATION_CONDITIONS = DEBUG;
				SWIFT_OPTIMIZATION_LEVEL = "-Onone";
			};
			name = Debug;
		};
		34264DFA20BE450F00C43B02 /* Release */ = {
			isa = XCBuildConfiguration;
			buildSettings = {
				ALWAYS_SEARCH_USER_PATHS = NO;
				CLANG_ANALYZER_NONNULL = YES;
				CLANG_ANALYZER_NUMBER_OBJECT_CONVERSION = YES_AGGRESSIVE;
				CLANG_CXX_LANGUAGE_STANDARD = "gnu++14";
				CLANG_CXX_LIBRARY = "libc++";
				CLANG_ENABLE_MODULES = YES;
				CLANG_ENABLE_OBJC_ARC = YES;
				CLANG_ENABLE_OBJC_WEAK = YES;
				CLANG_WARN_BLOCK_CAPTURE_AUTORELEASING = YES;
				CLANG_WARN_BOOL_CONVERSION = YES;
				CLANG_WARN_COMMA = YES;
				CLANG_WARN_CONSTANT_CONVERSION = YES;
				CLANG_WARN_DEPRECATED_OBJC_IMPLEMENTATIONS = YES;
				CLANG_WARN_DIRECT_OBJC_ISA_USAGE = YES_ERROR;
				CLANG_WARN_DOCUMENTATION_COMMENTS = YES;
				CLANG_WARN_EMPTY_BODY = YES;
				CLANG_WARN_ENUM_CONVERSION = YES;
				CLANG_WARN_INFINITE_RECURSION = YES;
				CLANG_WARN_INT_CONVERSION = YES;
				CLANG_WARN_NON_LITERAL_NULL_CONVERSION = YES;
				CLANG_WARN_OBJC_IMPLICIT_RETAIN_SELF = YES;
				CLANG_WARN_OBJC_LITERAL_CONVERSION = YES;
				CLANG_WARN_OBJC_ROOT_CLASS = YES_ERROR;
				CLANG_WARN_RANGE_LOOP_ANALYSIS = YES;
				CLANG_WARN_STRICT_PROTOTYPES = YES;
				CLANG_WARN_SUSPICIOUS_MOVE = YES;
				CLANG_WARN_UNGUARDED_AVAILABILITY = YES_AGGRESSIVE;
				CLANG_WARN_UNREACHABLE_CODE = YES;
				CLANG_WARN__DUPLICATE_METHOD_MATCH = YES;
				CODE_SIGN_IDENTITY = "iPhone Developer";
				COPY_PHASE_STRIP = NO;
				DEBUG_INFORMATION_FORMAT = "dwarf-with-dsym";
				ENABLE_NS_ASSERTIONS = NO;
				ENABLE_STRICT_OBJC_MSGSEND = YES;
				GCC_C_LANGUAGE_STANDARD = gnu11;
				GCC_NO_COMMON_BLOCKS = YES;
				GCC_WARN_64_TO_32_BIT_CONVERSION = YES;
				GCC_WARN_ABOUT_RETURN_TYPE = YES_ERROR;
				GCC_WARN_UNDECLARED_SELECTOR = YES;
				GCC_WARN_UNINITIALIZED_AUTOS = YES_AGGRESSIVE;
				GCC_WARN_UNUSED_FUNCTION = YES;
				GCC_WARN_UNUSED_VARIABLE = YES;
				IPHONEOS_DEPLOYMENT_TARGET = 11.3;
				MTL_ENABLE_DEBUG_INFO = NO;
				SDKROOT = iphoneos;
				SWIFT_COMPILATION_MODE = wholemodule;
				SWIFT_OPTIMIZATION_LEVEL = "-O";
				VALIDATE_PRODUCT = YES;
			};
			name = Release;
		};
		34264DFC20BE450F00C43B02 /* Debug */ = {
			isa = XCBuildConfiguration;
			buildSettings = {
				ASSETCATALOG_COMPILER_APPICON_NAME = AppIcon;
				CODE_SIGN_STYLE = Automatic;
				INFOPLIST_FILE = dailyiOS/Info.plist;
				LD_RUNPATH_SEARCH_PATHS = (
					"$(inherited)",
					"@executable_path/Frameworks",
				);
				PRODUCT_BUNDLE_IDENTIFIER = test.dailyiOS;
				PRODUCT_NAME = "$(TARGET_NAME)";
				SWIFT_VERSION = 4.0;
				TARGETED_DEVICE_FAMILY = "1,2";
			};
			name = Debug;
		};
		34264DFD20BE450F00C43B02 /* Release */ = {
			isa = XCBuildConfiguration;
			buildSettings = {
				ASSETCATALOG_COMPILER_APPICON_NAME = AppIcon;
				CODE_SIGN_STYLE = Automatic;
				INFOPLIST_FILE = dailyiOS/Info.plist;
				LD_RUNPATH_SEARCH_PATHS = (
					"$(inherited)",
					"@executable_path/Frameworks",
				);
				PRODUCT_BUNDLE_IDENTIFIER = test.dailyiOS;
				PRODUCT_NAME = "$(TARGET_NAME)";
				SWIFT_VERSION = 4.0;
				TARGETED_DEVICE_FAMILY = "1,2";
			};
			name = Release;
		};
		34264DFF20BE450F00C43B02 /* Debug */ = {
			isa = XCBuildConfiguration;
			buildSettings = {
				ALWAYS_EMBED_SWIFT_STANDARD_LIBRARIES = YES;
				BUNDLE_LOADER = "$(TEST_HOST)";
				CODE_SIGN_STYLE = Automatic;
				INFOPLIST_FILE = dailyiOSTests/Info.plist;
				LD_RUNPATH_SEARCH_PATHS = (
					"$(inherited)",
					"@executable_path/Frameworks",
					"@loader_path/Frameworks",
				);
				PRODUCT_BUNDLE_IDENTIFIER = test.dailyiOSTests;
				PRODUCT_NAME = "$(TARGET_NAME)";
				SWIFT_VERSION = 4.0;
				TARGETED_DEVICE_FAMILY = "1,2";
				TEST_HOST = "$(BUILT_PRODUCTS_DIR)/dailyiOS.app/dailyiOS";
			};
			name = Debug;
		};
		34264E0020BE450F00C43B02 /* Release */ = {
			isa = XCBuildConfiguration;
			buildSettings = {
				ALWAYS_EMBED_SWIFT_STANDARD_LIBRARIES = YES;
				BUNDLE_LOADER = "$(TEST_HOST)";
				CODE_SIGN_STYLE = Automatic;
				INFOPLIST_FILE = dailyiOSTests/Info.plist;
				LD_RUNPATH_SEARCH_PATHS = (
					"$(inherited)",
					"@executable_path/Frameworks",
					"@loader_path/Frameworks",
				);
				PRODUCT_BUNDLE_IDENTIFIER = test.dailyiOSTests;
				PRODUCT_NAME = "$(TARGET_NAME)";
				SWIFT_VERSION = 4.0;
				TARGETED_DEVICE_FAMILY = "1,2";
				TEST_HOST = "$(BUILT_PRODUCTS_DIR)/dailyiOS.app/dailyiOS";
			};
			name = Release;
		};
		34264E0220BE450F00C43B02 /* Debug */ = {
			isa = XCBuildConfiguration;
			buildSettings = {
				ALWAYS_EMBED_SWIFT_STANDARD_LIBRARIES = YES;
				CODE_SIGN_STYLE = Automatic;
				INFOPLIST_FILE = dailyiOSUITests/Info.plist;
				LD_RUNPATH_SEARCH_PATHS = (
					"$(inherited)",
					"@executable_path/Frameworks",
					"@loader_path/Frameworks",
				);
				PRODUCT_BUNDLE_IDENTIFIER = test.dailyiOSUITests;
				PRODUCT_NAME = "$(TARGET_NAME)";
				SWIFT_VERSION = 4.0;
				TARGETED_DEVICE_FAMILY = "1,2";
				TEST_TARGET_NAME = dailyiOS;
			};
			name = Debug;
		};
		34264E0320BE450F00C43B02 /* Release */ = {
			isa = XCBuildConfiguration;
			buildSettings = {
				ALWAYS_EMBED_SWIFT_STANDARD_LIBRARIES = YES;
				CODE_SIGN_STYLE = Automatic;
				INFOPLIST_FILE = dailyiOSUITests/Info.plist;
				LD_RUNPATH_SEARCH_PATHS = (
					"$(inherited)",
					"@executable_path/Frameworks",
					"@loader_path/Frameworks",
				);
				PRODUCT_BUNDLE_IDENTIFIER = test.dailyiOSUITests;
				PRODUCT_NAME = "$(TARGET_NAME)";
				SWIFT_VERSION = 4.0;
				TARGETED_DEVICE_FAMILY = "1,2";
				TEST_TARGET_NAME = dailyiOS;
			};
			name = Release;
		};
/* End XCBuildConfiguration section */

/* Begin XCConfigurationList section */
		34264DCE20BE450D00C43B02 /* Build configuration list for PBXProject "dailyiOS" */ = {
			isa = XCConfigurationList;
			buildConfigurations = (
				34264DF920BE450F00C43B02 /* Debug */,
				34264DFA20BE450F00C43B02 /* Release */,
			);
			defaultConfigurationIsVisible = 0;
			defaultConfigurationName = Release;
		};
		34264DFB20BE450F00C43B02 /* Build configuration list for PBXNativeTarget "dailyiOS" */ = {
			isa = XCConfigurationList;
			buildConfigurations = (
				34264DFC20BE450F00C43B02 /* Debug */,
				34264DFD20BE450F00C43B02 /* Release */,
			);
			defaultConfigurationIsVisible = 0;
			defaultConfigurationName = Release;
		};
		34264DFE20BE450F00C43B02 /* Build configuration list for PBXNativeTarget "dailyiOSTests" */ = {
			isa = XCConfigurationList;
			buildConfigurations = (
				34264DFF20BE450F00C43B02 /* Debug */,
				34264E0020BE450F00C43B02 /* Release */,
			);
			defaultConfigurationIsVisible = 0;
			defaultConfigurationName = Release;
		};
		34264E0120BE450F00C43B02 /* Build configuration list for PBXNativeTarget "dailyiOSUITests" */ = {
			isa = XCConfigurationList;
			buildConfigurations = (
				34264E0220BE450F00C43B02 /* Debug */,
				34264E0320BE450F00C43B02 /* Release */,
			);
			defaultConfigurationIsVisible = 0;
			defaultConfigurationName = Release;
		};
/* End XCConfigurationList section */
	};
	rootObject = 34264DCB20BE450D00C43B02 /* Project object */;
}
